PODS:
  - Alamofire (4.8.2)
  - Charts (3.3.0):
    - Charts/Core (= 3.3.0)
  - Charts/Core (3.3.0)

DEPENDENCIES:
  - Alamofire
  - Charts

SPEC REPOS:
  https://github.com/cocoapods/specs.git:
    - Alamofire
    - Charts

SPEC CHECKSUMS:
  Alamofire: ae5c501addb7afdbb13687d7f2f722c78734c2d3
  Charts: ec1f57f9340054155691e84d4544a1d239d382c5

PODFILE CHECKSUM: a52e2df133cd65f3491874de66d6006c5150bd1b

COCOAPODS: 1.6.1
